
Microsoft Visual Studio Solution File, Format Version 12.00
# Visual Studio 15
VisualStudioVersion = 15.0.27703.2026
MinimumVisualStudioVersion = 10.0.40219.1
Project("{888888A0-9F3D-457C-B088-3A5042F75D52}") = "BlankDjangoWebProject2", "BlankDjangoWebProject2\BlankDjangoWebProject2.pyproj", "{3619E7AF-0226-4D4A-BA68-94179ED0BE44}"
EndProject
Global
	GlobalSection(SolutionConfigurationPlatforms) = preSolution
		Debug|Any CPU = Debug|Any CPU
		Release|Any CPU = Release|Any CPU
	EndGlobalSection
	GlobalSection(ProjectConfigurationPlatforms) = postSolution
		{3619E7AF-0226-4D4A-BA68-94179ED0BE44}.Debug|Any CPU.ActiveCfg = Debug|Any CPU
		{3619E7AF-0226-4D4A-BA68-94179ED0BE44}.Debug|Any CPU.Build.0 = Debug|Any CPU
		{3619E7AF-0226-4D4A-BA68-94179ED0BE44}.Release|Any CPU.ActiveCfg = Release|Any CPU
		{3619E7AF-0226-4D4A-BA68-94179ED0BE44}.Release|Any CPU.Build.0 = Release|Any CPU
	EndGlobalSection
	GlobalSection(SolutionProperties) = preSolution
		HideSolutionNode = FALSE
	EndGlobalSection
	GlobalSection(ExtensibilityGlobals) = postSolution
		SolutionGuid = {2B14566D-7246-4387-A9C1-DF1AC58FE408}
	EndGlobalSection
EndGlobal
